
Microsoft Visual Studio Solution File, Format Version 12.00
# Visual Studio Version 17
VisualStudioVersion = 17.4.33213.308
MinimumVisualStudioVersion = 10.0.40219.1
Project("{FAE04EC0-301F-11D3-BF4B-00C04F79EFBC}") = "Web", "Web.csproj", "{E877C9E2-FAE1-4E8F-BBEB-EC96B66592E4}"
EndProject
Global
	GlobalSection(SolutionConfigurationPlatforms) = preSolution
		Debug|Any CPU = Debug|Any CPU
		Release|Any CPU = Release|Any CPU
	EndGlobalSection
	GlobalSection(ProjectConfigurationPlatforms) = postSolution
		{E877C9E2-FAE1-4E8F-BBEB-EC96B66592E4}.Debug|Any CPU.ActiveCfg = Debug|Any CPU
		{E877C9E2-FAE1-4E8F-BBEB-EC96B66592E4}.Debug|Any CPU.Build.0 = Debug|Any CPU
		{E877C9E2-FAE1-4E8F-BBEB-EC96B66592E4}.Release|Any CPU.ActiveCfg = Release|Any CPU
		{E877C9E2-FAE1-4E8F-BBEB-EC96B66592E4}.Release|Any CPU.Build.0 = Release|Any CPU
	EndGlobalSection
	GlobalSection(SolutionProperties) = preSolution
		HideSolutionNode = FALSE
	EndGlobalSection
	GlobalSection(ExtensibilityGlobals) = postSolution
		SolutionGuid = {027099DE-9F96-4D38-BA6E-FB2AF417D374}
	EndGlobalSection
EndGlobal
